<?xml version="1.0" encoding="utf-8"?>
<Project ToolsVersion="4.0" xmlns="http://schemas.microsoft.com/developer/msbuild/2003">
  <ItemGroup>
    <Filter Include="Source Files">
      <UniqueIdentifier>{4FC737F1-C7A5-4376-A066-2A32D752A2FF}</UniqueIdentifier>
      <Extensions>cpp;c;cc;cxx;def;odl;idl;hpj;bat;asm;asmx</Extensions>
    </Filter>
    <Filter Include="Header Files">
      <UniqueIdentifier>{93995380-89BD-4b04-88EB-625FBE52EBFB}</UniqueIdentifier>
      <Extensions>h;hh;hpp;hxx;hm;inl;inc;ipp;xsd</Extensions>
    </Filter>
    <Filter Include="Resource Files">
      <UniqueIdentifier>{67DA6AB6-F800-4c08-8B7A-83BB121AAD01}</UniqueIdentifier>
      <Extensions>rc;ico;cur;bmp;dlg;rc2;rct;bin;rgs;gif;jpg;jpeg;jpe;resx;tiff;tif;png;wav;mfcribbon-ms</Extensions>
    </Filter>
    <Filter Include="Modules">
      <UniqueIdentifier>{bf4afbd8-6098-4cd1-9930-0cffbcaad0d9}</UniqueIdentifier>
    </Filter>
    <Filter Include="Modules\Rogue">
      <UniqueIdentifier>{396b3a02-5ff1-472c-972d-332f2ba0e07f}</UniqueIdentifier>
    </Filter>
  </ItemGroup>
  <ItemGroup>
    <ClCompile Include="src\main.cpp">
      <Filter>Source Files</Filter>
    </ClCompile>
    <ClCompile Include="src\util.cpp">
      <Filter>Source Files</Filter>
    </ClCompile>
    <ClCompile Include="src\modules\demo.cpp">
      <Filter>Modules</Filter>
    </ClCompile>
    <ClCompile Include="src\modules\rogue\entity.cpp">
      <Filter>Modules\Rogue</Filter>
    </ClCompile>
    <ClCompile Include="src\modules\rogue\gen.cpp">
      <Filter>Modules\Rogue</Filter>
    </ClCompile>
    <ClCompile Include="src\modules\rogue\globals.cpp">
      <Filter>Modules\Rogue</Filter>
    </ClCompile>
    <ClCompile Include="src\modules\rogue\rogue.cpp">
      <Filter>Modules\Rogue</Filter>
    </ClCompile>
    <ClCompile Include="src\modules\rogue\types.cpp">
      <Filter>Modules\Rogue</Filter>
    </ClCompile>
    <ClCompile Include="src\modules\rogue\draw.cpp">
      <Filter>Modules\Rogue</Filter>
    </ClCompile>
    <ClCompile Include="src\ctx.cpp">
      <Filter>Source Files</Filter>
    </ClCompile>
    <ClCompile Include="src\ctx_draw.cpp">
      <Filter>Source Files</Filter>
    </ClCompile>
    <ClCompile Include="src\modules\trace.cpp">
      <Filter>Modules</Filter>
    </ClCompile>
  </ItemGroup>
  <ItemGroup>
    <ClInclude Include="src\pse.hpp">
      <Filter>Header Files</Filter>
    </ClInclude>
    <ClInclude Include="src\modules.hpp">
      <Filter>Modules</Filter>
    </ClInclude>
    <ClInclude Include="src\util.hpp">
      <Filter>Header Files</Filter>
    </ClInclude>
    <ClInclude Include="src\modules\rogue\entity.hpp">
      <Filter>Modules\Rogue</Filter>
    </ClInclude>
    <ClInclude Include="src\modules\rogue\gen.hpp">
      <Filter>Modules\Rogue</Filter>
    </ClInclude>
    <ClInclude Include="src\modules\rogue\globals.hpp">
      <Filter>Modules\Rogue</Filter>
    </ClInclude>
    <ClInclude Include="src\modules\rogue\types.hpp">
      <Filter>Modules\Rogue</Filter>
    </ClInclude>
    <ClInclude Include="src\modules\rogue\draw.hpp">
      <Filter>Modules\Rogue</Filter>
    </ClInclude>
    <ClInclude Include="src\ctx.hpp">
      <Filter>Header Files</Filter>
    </ClInclude>
    <ClInclude Include="src\ctx_draw.hpp">
      <Filter>Header Files</Filter>
    </ClInclude>
  </ItemGroup>
</Project>